
Microsoft Visual Studio Solution File, Format Version 12.00
# Visual Studio 15
VisualStudioVersion = 15.0.28307.329
MinimumVisualStudioVersion = 10.0.40219.1
Project("{9A19103F-16F7-4668-BE54-9A1E7A4F7556}") = "TinyFakeHostHelper", "TinyFakeHostHelper\TinyFakeHostHelper.csproj", "{D702C406-B0D0-4AB5-A156-FBF0B4837072}"
EndProject
Project("{2150E333-8FDC-42A3-9474-1A3956D46DE8}") = ".nuget", ".nuget", "{C9256F6E-3C76-43CD-93B8-395A0F0CA7F1}"
	ProjectSection(SolutionItems) = preProject
		.nuget\NuGet.Config = .nuget\NuGet.Config
		.nuget\NuGet.exe = .nuget\NuGet.exe
		.nuget\NuGet.targets = .nuget\NuGet.targets
	EndProjectSection
EndProject
Project("{9A19103F-16F7-4668-BE54-9A1E7A4F7556}") = "TinyFakeHostHelper.Tests.Unit", "TinyFakeHostHelper.Tests.Unit\TinyFakeHostHelper.Tests.Unit.csproj", "{B8CF8713-31CF-42F2-9EA4-B3EEE411AE68}"
EndProject
Project("{9A19103F-16F7-4668-BE54-9A1E7A4F7556}") = "TinyFakeHostHelper.Tests.Integration", "TinyFakeHostHelper.Tests.Integration\TinyFakeHostHelper.Tests.Integration.csproj", "{277DEF22-A980-4315-9432-B03FF5AADC2D}"
EndProject
Project("{2150E333-8FDC-42A3-9474-1A3956D46DE8}") = "Solution Items", "Solution Items", "{4F4F2968-C18E-4B63-92F0-94C1C9F3F9E4}"
	ProjectSection(SolutionItems) = preProject
		appveyor.yml = appveyor.yml
		README.md = README.md
	EndProjectSection
EndProject
Global
	GlobalSection(SolutionConfigurationPlatforms) = preSolution
		Debug|Any CPU = Debug|Any CPU
		Release|Any CPU = Release|Any CPU
	EndGlobalSection
	GlobalSection(ProjectConfigurationPlatforms) = postSolution
		{D702C406-B0D0-4AB5-A156-FBF0B4837072}.Debug|Any CPU.ActiveCfg = Debug|Any CPU
		{D702C406-B0D0-4AB5-A156-FBF0B4837072}.Debug|Any CPU.Build.0 = Debug|Any CPU
		{D702C406-B0D0-4AB5-A156-FBF0B4837072}.Release|Any CPU.ActiveCfg = Release|Any CPU
		{D702C406-B0D0-4AB5-A156-FBF0B4837072}.Release|Any CPU.Build.0 = Release|Any CPU
		{B8CF8713-31CF-42F2-9EA4-B3EEE411AE68}.Debug|Any CPU.ActiveCfg = Debug|Any CPU
		{B8CF8713-31CF-42F2-9EA4-B3EEE411AE68}.Debug|Any CPU.Build.0 = Debug|Any CPU
		{B8CF8713-31CF-42F2-9EA4-B3EEE411AE68}.Release|Any CPU.ActiveCfg = Release|Any CPU
		{B8CF8713-31CF-42F2-9EA4-B3EEE411AE68}.Release|Any CPU.Build.0 = Release|Any CPU
		{277DEF22-A980-4315-9432-B03FF5AADC2D}.Debug|Any CPU.ActiveCfg = Debug|Any CPU
		{277DEF22-A980-4315-9432-B03FF5AADC2D}.Debug|Any CPU.Build.0 = Debug|Any CPU
		{277DEF22-A980-4315-9432-B03FF5AADC2D}.Release|Any CPU.ActiveCfg = Release|Any CPU
		{277DEF22-A980-4315-9432-B03FF5AADC2D}.Release|Any CPU.Build.0 = Release|Any CPU
	EndGlobalSection
	GlobalSection(SolutionProperties) = preSolution
		HideSolutionNode = FALSE
	EndGlobalSection
	GlobalSection(ExtensibilityGlobals) = postSolution
		SolutionGuid = {3BF2B586-4640-460A-A500-C0000D9858B9}
	EndGlobalSection
EndGlobal
